
Microsoft Visual Studio Solution File, Format Version 12.00
# Visual Studio Version 17
VisualStudioVersion = 17.0.31903.59
MinimumVisualStudioVersion = 10.0.40219.1
Project("{FAE04EC0-301F-11D3-BF4B-00C04F79EFBC}") = "Todo.App", "Todo.App\Todo.App.csproj", "{1F852AE1-1D52-4DCA-80E0-AF9334C18586}"
EndProject
Project("{FAE04EC0-301F-11D3-BF4B-00C04F79EFBC}") = "Todo.Tests", "Todo.Tests\Todo.Tests.csproj", "{930DE1CC-CD07-4C35-B5E7-F1BFE42C513A}"
EndProject
Global
	GlobalSection(SolutionConfigurationPlatforms) = preSolution
		Debug|Any CPU = Debug|Any CPU
		Release|Any CPU = Release|Any CPU
	EndGlobalSection
	GlobalSection(SolutionProperties) = preSolution
		HideSolutionNode = FALSE
	EndGlobalSection
	GlobalSection(ProjectConfigurationPlatforms) = postSolution
		{1F852AE1-1D52-4DCA-80E0-AF9334C18586}.Debug|Any CPU.ActiveCfg = Debug|Any CPU
		{1F852AE1-1D52-4DCA-80E0-AF9334C18586}.Debug|Any CPU.Build.0 = Debug|Any CPU
		{1F852AE1-1D52-4DCA-80E0-AF9334C18586}.Release|Any CPU.ActiveCfg = Release|Any CPU
		{1F852AE1-1D52-4DCA-80E0-AF9334C18586}.Release|Any CPU.Build.0 = Release|Any CPU
		{930DE1CC-CD07-4C35-B5E7-F1BFE42C513A}.Debug|Any CPU.ActiveCfg = Debug|Any CPU
		{930DE1CC-CD07-4C35-B5E7-F1BFE42C513A}.Debug|Any CPU.Build.0 = Debug|Any CPU
		{930DE1CC-CD07-4C35-B5E7-F1BFE42C513A}.Release|Any CPU.ActiveCfg = Release|Any CPU
		{930DE1CC-CD07-4C35-B5E7-F1BFE42C513A}.Release|Any CPU.Build.0 = Release|Any CPU
	EndGlobalSection
EndGlobal
